// !$*UTF8*$!
{
	archiveVersion = 1;
	classes = {
	};
	objectVersion = 48;
	objects = {

/* Begin PBXBuildFile section */
		FC59AE951F6D71CD002599BD /* AppDelegate.m in Sources */ = {isa = PBXBuildFile; fileRef = FC59AE941F6D71CD002599BD /* AppDelegate.m */; };
		FC59AE981F6D71CD002599BD /* ViewController.m in Sources */ = {isa = PBXBuildFile; fileRef = FC59AE971F6D71CD002599BD /* ViewController.m */; };
		FC59AE9B1F6D71CD002599BD /* Main.storyboard in Resources */ = {isa = PBXBuildFile; fileRef = FC59AE991F6D71CD002599BD /* Main.storyboard */; };
		FC59AE9D1F6D71CD002599BD /* Assets.xcassets in Resources */ = {isa = PBXBuildFile; fileRef = FC59AE9C1F6D71CD002599BD /* Assets.xcassets */; };
		FC59AEA01F6D71CD002599BD /* LaunchScreen.storyboard in Resources */ = {isa = PBXBuildFile; fileRef = FC59AE9E1F6D71CD002599BD /* LaunchScreen.storyboard */; };
		FC59AEA31F6D71CD002599BD /* main.m in Sources */ = {isa = PBXBuildFile; fileRef = FC59AEA21F6D71CD002599BD /* main.m */; };
		FC7C75661F6E466C0069D999 /* FBLoginViewController.m in Sources */ = {isa = PBXBuildFile; fileRef = FC7C75651F6E466C0069D999 /* FBLoginViewController.m */; };
		FC7C75691F6E46790069D999 /* FBShareViewController.m in Sources */ = {isa = PBXBuildFile; fileRef = FC7C75681F6E46790069D999 /* FBShareViewController.m */; };
		FCBE99FC1F6FEC3400142FD2 /* FBLoginCustomViewController.m in Sources */ = {isa = PBXBuildFile; fileRef = FCBE99FB1F6FEC3400142FD2 /* FBLoginCustomViewController.m */; };
		FCC38F191F7D4F1C0075F418 /* Bolts.framework in Frameworks */ = {isa = PBXBuildFile; fileRef = FCC38EAB1F7D4E3C0075F418 /* Bolts.framework */; };
		FCC38F1A1F7D4F260075F418 /* FBSDKCoreKit.framework in Frameworks */ = {isa = PBXBuildFile; fileRef = FCC38EE51F7D4E570075F418 /* FBSDKCoreKit.framework */; };
		FCC38F1B1F7D4F2A0075F418 /* FBSDKLoginKit.framework in Frameworks */ = {isa = PBXBuildFile; fileRef = FCC38EF71F7D4E620075F418 /* FBSDKLoginKit.framework */; };
		FCC38F1C1F7D4F2E0075F418 /* FBSDKShareKit.framework in Frameworks */ = {isa = PBXBuildFile; fileRef = FCC38F081F7D4E680075F418 /* FBSDKShareKit.framework */; };
/* End PBXBuildFile section */

/* Begin PBXContainerItemProxy section */
		FCC38EAA1F7D4E3C0075F418 /* PBXContainerItemProxy */ = {
			isa = PBXContainerItemProxy;
			containerPortal = FCC38E9C1F7D4E3C0075F418 /* Bolts.xcodeproj */;
			proxyType = 2;
			remoteGlobalIDString = 81ED94291BE147CF00795F05;
			remoteInfo = "Bolts-iOS";
		};
		FCC38EAC1F7D4E3C0075F418 /* PBXContainerItemProxy */ = {
			isa = PBXContainerItemProxy;
			containerPortal = FCC38E9C1F7D4E3C0075F418 /* Bolts.xcodeproj */;
			proxyType = 2;
			remoteGlobalIDString = 1D5D7DD31BE3CE8200FD67C7;
			remoteInfo = "Bolts-iOS-Dynamic";
		};
		FCC38EAE1F7D4E3C0075F418 /* PBXContainerItemProxy */ = {
			isa = PBXContainerItemProxy;
			containerPortal = FCC38E9C1F7D4E3C0075F418 /* Bolts.xcodeproj */;
			proxyType = 2;
			remoteGlobalIDString = 81ED946E1BE14B5200795F05;
			remoteInfo = "Bolts-macOS";
		};
		FCC38EB01F7D4E3C0075F418 /* PBXContainerItemProxy */ = {
			isa = PBXContainerItemProxy;
			containerPortal = FCC38E9C1F7D4E3C0075F418 /* Bolts.xcodeproj */;
			proxyType = 2;
			remoteGlobalIDString = F5AFCA021BA752750076E927;
			remoteInfo = "Bolts-tvOS";
		};
		FCC38EB21F7D4E3C0075F418 /* PBXContainerItemProxy */ = {
			isa = PBXContainerItemProxy;
			containerPortal = FCC38E9C1F7D4E3C0075F418 /* Bolts.xcodeproj */;
			proxyType = 2;
			remoteGlobalIDString = 81E94D6A1C2B8BF200A6291E;
			remoteInfo = "Bolts-tvOS-Dynamic";
		};
		FCC38EB41F7D4E3C0075F418 /* PBXContainerItemProxy */ = {
			isa = PBXContainerItemProxy;
			containerPortal = FCC38E9C1F7D4E3C0075F418 /* Bolts.xcodeproj */;
			proxyType = 2;
			remoteGlobalIDString = 8178F99C1BB0F87700AD289D;
			remoteInfo = "Bolts-watchOS";
		};
		FCC38EB61F7D4E3C0075F418 /* PBXContainerItemProxy */ = {
			isa = PBXContainerItemProxy;
			containerPortal = FCC38E9C1F7D4E3C0075F418 /* Bolts.xcodeproj */;
			proxyType = 2;
			remoteGlobalIDString = 819573F11C2B8ECB00BFCA39;
			remoteInfo = "Bolts-watchOS-Dynamic";
		};
		FCC38EB81F7D4E3C0075F418 /* PBXContainerItemProxy */ = {
			isa = PBXContainerItemProxy;
			containerPortal = FCC38E9C1F7D4E3C0075F418 /* Bolts.xcodeproj */;
			proxyType = 2;
			remoteGlobalIDString = 8E8C8EE917F23D1D00E3F1C7;
			remoteInfo = "BoltsTests-iOS";
		};
		FCC38EBA1F7D4E3C0075F418 /* PBXContainerItemProxy */ = {
			isa = PBXContainerItemProxy;
			containerPortal = FCC38E9C1F7D4E3C0075F418 /* Bolts.xcodeproj */;
			proxyType = 2;
			remoteGlobalIDString = 8E8C8F1917F241DA00E3F1C7;
			remoteInfo = "BoltsTests-macOS";
		};
		FCC38EBC1F7D4E3C0075F418 /* PBXContainerItemProxy */ = {
			isa = PBXContainerItemProxy;
			containerPortal = FCC38E9C1F7D4E3C0075F418 /* Bolts.xcodeproj */;
			proxyType = 2;
			remoteGlobalIDString = F5AFCA131BA752770076E927;
			remoteInfo = "BoltsTests-tvOS";
		};
		FCC38EBE1F7D4E3C0075F418 /* PBXContainerItemProxy */ = {
			isa = PBXContainerItemProxy;
			containerPortal = FCC38E9C1F7D4E3C0075F418 /* Bolts.xcodeproj */;
			proxyType = 2;
			remoteGlobalIDString = 1EC3016018CDAA8400D06D07;
			remoteInfo = BoltsTestUI;
		};
		FCC38EE41F7D4E570075F418 /* PBXContainerItemProxy */ = {
			isa = PBXContainerItemProxy;
			containerPortal = FCC38ED71F7D4E570075F418 /* FBSDKCoreKit.xcodeproj */;
			proxyType = 2;
			remoteGlobalIDString = 9D2697471A5DF40700143BFC;
			remoteInfo = FBSDKCoreKit;
		};
		FCC38EE61F7D4E570075F418 /* PBXContainerItemProxy */ = {
			isa = PBXContainerItemProxy;
			containerPortal = FCC38ED71F7D4E570075F418 /* FBSDKCoreKit.xcodeproj */;
			proxyType = 2;
			remoteGlobalIDString = 81B71DA31D19C87400933E93;
			remoteInfo = "FBSDKCoreKit-Dynamic";
		};
		FCC38EE81F7D4E570075F418 /* PBXContainerItemProxy */ = {
			isa = PBXContainerItemProxy;
			containerPortal = FCC38ED71F7D4E570075F418 /* FBSDKCoreKit.xcodeproj */;
			proxyType = 2;
			remoteGlobalIDString = 9D2697521A5DF40700143BFC;
			remoteInfo = FBSDKCoreKitTests;
		};
		FCC38EEA1F7D4E570075F418 /* PBXContainerItemProxy */ = {
			isa = PBXContainerItemProxy;
			containerPortal = FCC38ED71F7D4E570075F418 /* FBSDKCoreKit.xcodeproj */;
			proxyType = 2;
			remoteGlobalIDString = 9DB0FA731BC1CA71005EB8B1;
			remoteInfo = FBSDKCoreKit_TV;
		};
		FCC38EEC1F7D4E570075F418 /* PBXContainerItemProxy */ = {
			isa = PBXContainerItemProxy;
			containerPortal = FCC38ED71F7D4E570075F418 /* FBSDKCoreKit.xcodeproj */;
			proxyType = 2;
			remoteGlobalIDString = 814AC8571D1B528900D61E6C;
			remoteInfo = "FBSDKCoreKit_TV-Dynamic";
		};
		FCC38EF61F7D4E620075F418 /* PBXContainerItemProxy */ = {
			isa = PBXContainerItemProxy;
			containerPortal = FCC38EEE1F7D4E620075F418 /* FBSDKLoginKit.xcodeproj */;
			proxyType = 2;
			remoteGlobalIDString = 9D9DB8D91A114E500086167B;
			remoteInfo = FBSDKLoginKit;
		};
		FCC38EF81F7D4E620075F418 /* PBXContainerItemProxy */ = {
			isa = PBXContainerItemProxy;
			containerPortal = FCC38EEE1F7D4E620075F418 /* FBSDKLoginKit.xcodeproj */;
			proxyType = 2;
			remoteGlobalIDString = 818EB4411D1A283100252851;
			remoteInfo = "FBSDKLoginKit-Dynamic";
		};
		FCC38EFA1F7D4E620075F418 /* PBXContainerItemProxy */ = {
			isa = PBXContainerItemProxy;
			containerPortal = FCC38EEE1F7D4E620075F418 /* FBSDKLoginKit.xcodeproj */;
			proxyType = 2;
			remoteGlobalIDString = 9D9DB8E41A114E500086167B;
			remoteInfo = FBSDKLoginKitTests;
		};
		FCC38F071F7D4E680075F418 /* PBXContainerItemProxy */ = {
			isa = PBXContainerItemProxy;
			containerPortal = FCC38EFC1F7D4E680075F418 /* FBSDKShareKit.xcodeproj */;
			proxyType = 2;
			remoteGlobalIDString = 9D46C5F01A11E5D800A0DDB6;
			remoteInfo = FBSDKShareKit;
		};
		FCC38F091F7D4E680075F418 /* PBXContainerItemProxy */ = {
			isa = PBXContainerItemProxy;
			containerPortal = FCC38EFC1F7D4E680075F418 /* FBSDKShareKit.xcodeproj */;
			proxyType = 2;
			remoteGlobalIDString = 81A07F441D1A2E6A0041A29C;
			remoteInfo = "FBSDKShareKit-Dynamic";
		};
		FCC38F0B1F7D4E680075F418 /* PBXContainerItemProxy */ = {
			isa = PBXContainerItemProxy;
			containerPortal = FCC38EFC1F7D4E680075F418 /* FBSDKShareKit.xcodeproj */;
			proxyType = 2;
			remoteGlobalIDString = 9D46C5FB1A11E5D800A0DDB6;
			remoteInfo = FBSDKShareKitTests;
		};
		FCC38F0D1F7D4E680075F418 /* PBXContainerItemProxy */ = {
			isa = PBXContainerItemProxy;
			containerPortal = FCC38EFC1F7D4E680075F418 /* FBSDKShareKit.xcodeproj */;
			proxyType = 2;
			remoteGlobalIDString = 9D2D99941BC452DE00929E76;
			remoteInfo = FBSDKShareKit_TV;
		};
		FCC38F0F1F7D4E680075F418 /* PBXContainerItemProxy */ = {
			isa = PBXContainerItemProxy;
			containerPortal = FCC38EFC1F7D4E680075F418 /* FBSDKShareKit.xcodeproj */;
			proxyType = 2;
			remoteGlobalIDString = 8144D91B1D261D2900C8E4AC;
			remoteInfo = "FBSDKShareKit_TV-Dynamic";
		};
		FCC38F111F7D4E830075F418 /* PBXContainerItemProxy */ = {
			isa = PBXContainerItemProxy;
			containerPortal = FCC38EFC1F7D4E680075F418 /* FBSDKShareKit.xcodeproj */;
			proxyType = 1;
			remoteGlobalIDString = 9D46C5EF1A11E5D800A0DDB6;
			remoteInfo = FBSDKShareKit;
		};
		FCC38F131F7D4E860075F418 /* PBXContainerItemProxy */ = {
			isa = PBXContainerItemProxy;
			containerPortal = FCC38ED71F7D4E570075F418 /* FBSDKCoreKit.xcodeproj */;
			proxyType = 1;
			remoteGlobalIDString = 9D2697461A5DF40700143BFC;
			remoteInfo = FBSDKCoreKit;
		};
		FCC38F151F7D4E8A0075F418 /* PBXContainerItemProxy */ = {
			isa = PBXContainerItemProxy;
			containerPortal = FCC38E9C1F7D4E3C0075F418 /* Bolts.xcodeproj */;
			proxyType = 1;
			remoteGlobalIDString = 81ED94111BE147CF00795F05;
			remoteInfo = "Bolts-iOS";
		};
		FCC38F171F7D4E8D0075F418 /* PBXContainerItemProxy */ = {
			isa = PBXContainerItemProxy;
			containerPortal = FCC38EEE1F7D4E620075F418 /* FBSDKLoginKit.xcodeproj */;
			proxyType = 1;
			remoteGlobalIDString = 9D9DB8D81A114E500086167B;
			remoteInfo = FBSDKLoginKit;
		};
/* End PBXContainerItemProxy section */

/* Begin PBXFileReference section */
		FC59AE901F6D71CD002599BD /* facebookSDKSample.app */ = {isa = PBXFileReference; explicitFileType = wrapper.application; includeInIndex = 0; path = facebookSDKSample.app; sourceTree = BUILT_PRODUCTS_DIR; };
		FC59AE931F6D71CD002599BD /* AppDelegate.h */ = {isa = PBXFileReference; lastKnownFileType = sourcecode.c.h; path = AppDelegate.h; sourceTree = "<group>"; };
		FC59AE941F6D71CD002599BD /* AppDelegate.m */ = {isa = PBXFileReference; lastKnownFileType = sourcecode.c.objc; path = AppDelegate.m; sourceTree = "<group>"; };
		FC59AE961F6D71CD002599BD /* ViewController.h */ = {isa = PBXFileReference; lastKnownFileType = sourcecode.c.h; path = ViewController.h; sourceTree = "<group>"; };
		FC59AE971F6D71CD002599BD /* ViewController.m */ = {isa = PBXFileReference; lastKnownFileType = sourcecode.c.objc; path = ViewController.m; sourceTree = "<group>"; };
		FC59AE9A1F6D71CD002599BD /* Base */ = {isa = PBXFileReference; lastKnownFileType = file.storyboard; name = Base; path = Base.lproj/Main.storyboard; sourceTree = "<group>"; };
		FC59AE9C1F6D71CD002599BD /* Assets.xcassets */ = {isa = PBXFileReference; lastKnownFileType = folder.assetcatalog; path = Assets.xcassets; sourceTree = "<group>"; };
		FC59AE9F1F6D71CD002599BD /* Base */ = {isa = PBXFileReference; lastKnownFileType = file.storyboard; name = Base; path = Base.lproj/LaunchScreen.storyboard; sourceTree = "<group>"; };
		FC59AEA11F6D71CD002599BD /* Info.plist */ = {isa = PBXFileReference; lastKnownFileType = text.plist.xml; path = Info.plist; sourceTree = "<group>"; };
		FC59AEA21F6D71CD002599BD /* main.m */ = {isa = PBXFileReference; lastKnownFileType = sourcecode.c.objc; path = main.m; sourceTree = "<group>"; };
		FC7C75641F6E466C0069D999 /* FBLoginViewController.h */ = {isa = PBXFileReference; lastKnownFileType = sourcecode.c.h; path = FBLoginViewController.h; sourceTree = "<group>"; };
		FC7C75651F6E466C0069D999 /* FBLoginViewController.m */ = {isa = PBXFileReference; lastKnownFileType = sourcecode.c.objc; path = FBLoginViewController.m; sourceTree = "<group>"; };
		FC7C75671F6E46790069D999 /* FBShareViewController.h */ = {isa = PBXFileReference; lastKnownFileType = sourcecode.c.h; path = FBShareViewController.h; sourceTree = "<group>"; };
		FC7C75681F6E46790069D999 /* FBShareViewController.m */ = {isa = PBXFileReference; lastKnownFileType = sourcecode.c.objc; path = FBShareViewController.m; sourceTree = "<group>"; };
		FCBE99FA1F6FEC3400142FD2 /* FBLoginCustomViewController.h */ = {isa = PBXFileReference; lastKnownFileType = sourcecode.c.h; path = FBLoginCustomViewController.h; sourceTree = "<group>"; };
		FCBE99FB1F6FEC3400142FD2 /* FBLoginCustomViewController.m */ = {isa = PBXFileReference; lastKnownFileType = sourcecode.c.objc; path = FBLoginCustomViewController.m; sourceTree = "<group>"; };
		FCC38E9C1F7D4E3C0075F418 /* Bolts.xcodeproj */ = {isa = PBXFileReference; lastKnownFileType = "wrapper.pb-project"; name = Bolts.xcodeproj; path = "facebook-ios-sdk/Bolts-IOS/Bolts.xcodeproj"; sourceTree = "<group>"; };
		FCC38ED71F7D4E570075F418 /* FBSDKCoreKit.xcodeproj */ = {isa = PBXFileReference; lastKnownFileType = "wrapper.pb-project"; name = FBSDKCoreKit.xcodeproj; path = "facebook-ios-sdk/FBSDKCoreKit/FBSDKCoreKit.xcodeproj"; sourceTree = "<group>"; };
		FCC38EEE1F7D4E620075F418 /* FBSDKLoginKit.xcodeproj */ = {isa = PBXFileReference; lastKnownFileType = "wrapper.pb-project"; name = FBSDKLoginKit.xcodeproj; path = "facebook-ios-sdk/FBSDKLoginKit/FBSDKLoginKit.xcodeproj"; sourceTree = "<group>"; };
		FCC38EFC1F7D4E680075F418 /* FBSDKShareKit.xcodeproj */ = {isa = PBXFileReference; lastKnownFileType = "wrapper.pb-project"; name = FBSDKShareKit.xcodeproj; path = "facebook-ios-sdk/FBSDKShareKit/FBSDKShareKit.xcodeproj"; sourceTree = "<group>"; };
/* End PBXFileReference section */

/* Begin PBXFrameworksBuildPhase section */
		FC59AE8D1F6D71CD002599BD /* Frameworks */ = {
			isa = PBXFrameworksBuildPhase;
			buildActionMask = 2147483647;
			files = (
				FCC38F1C1F7D4F2E0075F418 /* FBSDKShareKit.framework in Frameworks */,
				FCC38F1B1F7D4F2A0075F418 /* FBSDKLoginKit.framework in Frameworks */,
				FCC38F1A1F7D4F260075F418 /* FBSDKCoreKit.framework in Frameworks */,
				FCC38F191F7D4F1C0075F418 /* Bolts.framework in Frameworks */,
			);
			runOnlyForDeploymentPostprocessing = 0;
		};
/* End PBXFrameworksBuildPhase section */

/* Begin PBXGroup section */
		FC59AE871F6D71CD002599BD = {
			isa = PBXGroup;
			children = (
				FC59AE921F6D71CD002599BD /* facebookSDKSample */,
				FC59AE911F6D71CD002599BD /* Products */,
				FC7C755B1F6E33170069D999 /* Frameworks */,
			);
			sourceTree = "<group>";
		};
		FC59AE911F6D71CD002599BD /* Products */ = {
			isa = PBXGroup;
			children = (
				FC59AE901F6D71CD002599BD /* facebookSDKSample.app */,
			);
			name = Products;
			sourceTree = "<group>";
		};
		FC59AE921F6D71CD002599BD /* facebookSDKSample */ = {
			isa = PBXGroup;
			children = (
				FC59AE931F6D71CD002599BD /* AppDelegate.h */,
				FC59AE941F6D71CD002599BD /* AppDelegate.m */,
				FC59AE961F6D71CD002599BD /* ViewController.h */,
				FC59AE971F6D71CD002599BD /* ViewController.m */,
				FC59AE991F6D71CD002599BD /* Main.storyboard */,
				FC59AE9C1F6D71CD002599BD /* Assets.xcassets */,
				FC59AE9E1F6D71CD002599BD /* LaunchScreen.storyboard */,
				FC59AEA11F6D71CD002599BD /* Info.plist */,
				FC59AEA21F6D71CD002599BD /* main.m */,
				FC7C75641F6E466C0069D999 /* FBLoginViewController.h */,
				FC7C75651F6E466C0069D999 /* FBLoginViewController.m */,
				FC7C75671F6E46790069D999 /* FBShareViewController.h */,
				FC7C75681F6E46790069D999 /* FBShareViewController.m */,
				FCBE99FA1F6FEC3400142FD2 /* FBLoginCustomViewController.h */,
				FCBE99FB1F6FEC3400142FD2 /* FBLoginCustomViewController.m */,
			);
			path = facebookSDKSample;
			sourceTree = "<group>";
		};
		FC7C755B1F6E33170069D999 /* Frameworks */ = {
			isa = PBXGroup;
			children = (
				FCC38EFC1F7D4E680075F418 /* FBSDKShareKit.xcodeproj */,
				FCC38EEE1F7D4E620075F418 /* FBSDKLoginKit.xcodeproj */,
				FCC38ED71F7D4E570075F418 /* FBSDKCoreKit.xcodeproj */,
				FCC38E9C1F7D4E3C0075F418 /* Bolts.xcodeproj */,
			);
			name = Frameworks;
			sourceTree = "<group>";
		};
		FCC38E9D1F7D4E3C0075F418 /* Products */ = {
			isa = PBXGroup;
			children = (
				FCC38EAB1F7D4E3C0075F418 /* Bolts.framework */,
				FCC38EAD1F7D4E3C0075F418 /* Bolts.framework */,
				FCC38EAF1F7D4E3C0075F418 /* Bolts.framework */,
				FCC38EB11F7D4E3C0075F418 /* Bolts.framework */,
				FCC38EB31F7D4E3C0075F418 /* Bolts.framework */,
				FCC38EB51F7D4E3C0075F418 /* Bolts.framework */,
				FCC38EB71F7D4E3C0075F418 /* Bolts.framework */,
				FCC38EB91F7D4E3C0075F418 /* BoltsTests-iOS.xctest */,
				FCC38EBB1F7D4E3C0075F418 /* BoltsTests-OSX.xctest */,
				FCC38EBD1F7D4E3C0075F418 /* BoltsTests-tvOS.xctest */,
				FCC38EBF1F7D4E3C0075F418 /* BoltsTestUI.app */,
			);
			name = Products;
			sourceTree = "<group>";
		};
		FCC38ED81F7D4E570075F418 /* Products */ = {
			isa = PBXGroup;
			children = (
				FCC38EE51F7D4E570075F418 /* FBSDKCoreKit.framework */,
				FCC38EE71F7D4E570075F418 /* FBSDKCoreKit.framework */,
				FCC38EE91F7D4E570075F418 /* FBSDKCoreKitTests.xctest */,
				FCC38EEB1F7D4E570075F418 /* FBSDKCoreKit.framework */,
				FCC38EED1F7D4E570075F418 /* FBSDKCoreKit.framework */,
			);
			name = Products;
			sourceTree = "<group>";
		};
		FCC38EEF1F7D4E620075F418 /* Products */ = {
			isa = PBXGroup;
			children = (
				FCC38EF71F7D4E620075F418 /* FBSDKLoginKit.framework */,
				FCC38EF91F7D4E620075F418 /* FBSDKLoginKit.framework */,
				FCC38EFB1F7D4E620075F418 /* FBSDKLoginKitTests.xctest */,
			);
			name = Products;
			sourceTree = "<group>";
		};
		FCC38EFD1F7D4E680075F418 /* Products */ = {
			isa = PBXGroup;
			children = (
				FCC38F081F7D4E680075F418 /* FBSDKShareKit.framework */,
				FCC38F0A1F7D4E680075F418 /* FBSDKShareKit.framework */,
				FCC38F0C1F7D4E680075F418 /* FBSDKShareKitTests.xctest */,
				FCC38F0E1F7D4E680075F418 /* FBSDKShareKit.framework */,
				FCC38F101F7D4E680075F418 /* FBSDKShareKit.framework */,
			);
			name = Products;
			sourceTree = "<group>";
		};
/* End PBXGroup section */

/* Begin PBXNativeTarget section */
		FC59AE8F1F6D71CD002599BD /* facebookSDKSample */ = {
			isa = PBXNativeTarget;
			buildConfigurationList = FC59AEA61F6D71CD002599BD /* Build configuration list for PBXNativeTarget "facebookSDKSample" */;
			buildPhases = (
				FC59AE8C1F6D71CD002599BD /* Sources */,
				FC59AE8D1F6D71CD002599BD /* Frameworks */,
				FC59AE8E1F6D71CD002599BD /* Resources */,
			);
			buildRules = (
			);
			dependencies = (
				FCC38F181F7D4E8D0075F418 /* PBXTargetDependency */,
				FCC38F161F7D4E8A0075F418 /* PBXTargetDependency */,
				FCC38F141F7D4E860075F418 /* PBXTargetDependency */,
				FCC38F121F7D4E830075F418 /* PBXTargetDependency */,
			);
			name = facebookSDKSample;
			productName = facebookSDKSample;
			productReference = FC59AE901F6D71CD002599BD /* facebookSDKSample.app */;
			productType = "com.apple.product-type.application";
		};
/* End PBXNativeTarget section */

/* Begin PBXProject section */
		FC59AE881F6D71CD002599BD /* Project object */ = {
			isa = PBXProject;
			attributes = {
				LastUpgradeCheck = 0900;
				ORGANIZATIONNAME = daun.joung.ico;
				TargetAttributes = {
					FC59AE8F1F6D71CD002599BD = {
						CreatedOnToolsVersion = 9.0;
						ProvisioningStyle = Automatic;
					};
				};
			};
			buildConfigurationList = FC59AE8B1F6D71CD002599BD /* Build configuration list for PBXProject "facebookSDKSample" */;
			compatibilityVersion = "Xcode 8.0";
			developmentRegion = en;
			hasScannedForEncodings = 0;
			knownRegions = (
				en,
				Base,
			);
			mainGroup = FC59AE871F6D71CD002599BD;
			productRefGroup = FC59AE911F6D71CD002599BD /* Products */;
			projectDirPath = "";
			projectReferences = (
				{
					ProductGroup = FCC38E9D1F7D4E3C0075F418 /* Products */;
					ProjectRef = FCC38E9C1F7D4E3C0075F418 /* Bolts.xcodeproj */;
				},
				{
					ProductGroup = FCC38ED81F7D4E570075F418 /* Products */;
					ProjectRef = FCC38ED71F7D4E570075F418 /* FBSDKCoreKit.xcodeproj */;
				},
				{
					ProductGroup = FCC38EEF1F7D4E620075F418 /* Products */;
					ProjectRef = FCC38EEE1F7D4E620075F418 /* FBSDKLoginKit.xcodeproj */;
				},
				{
					ProductGroup = FCC38EFD1F7D4E680075F418 /* Products */;
					ProjectRef = FCC38EFC1F7D4E680075F418 /* FBSDKShareKit.xcodeproj */;
				},
			);
			projectRoot = "";
			targets = (
				FC59AE8F1F6D71CD002599BD /* facebookSDKSample */,
			);
		};
/* End PBXProject section */

/* Begin PBXReferenceProxy section */
		FCC38EAB1F7D4E3C0075F418 /* Bolts.framework */ = {
			isa = PBXReferenceProxy;
			fileType = wrapper.framework;
			path = Bolts.framework;
			remoteRef = FCC38EAA1F7D4E3C0075F418 /* PBXContainerItemProxy */;
			sourceTree = BUILT_PRODUCTS_DIR;
		};
		FCC38EAD1F7D4E3C0075F418 /* Bolts.framework */ = {
			isa = PBXReferenceProxy;
			fileType = wrapper.framework;
			path = Bolts.framework;
			remoteRef = FCC38EAC1F7D4E3C0075F418 /* PBXContainerItemProxy */;
			sourceTree = BUILT_PRODUCTS_DIR;
		};
		FCC38EAF1F7D4E3C0075F418 /* Bolts.framework */ = {
			isa = PBXReferenceProxy;
			fileType = wrapper.framework;
			path = Bolts.framework;
			remoteRef = FCC38EAE1F7D4E3C0075F418 /* PBXContainerItemProxy */;
			sourceTree = BUILT_PRODUCTS_DIR;
		};
		FCC38EB11F7D4E3C0075F418 /* Bolts.framework */ = {
			isa = PBXReferenceProxy;
			fileType = wrapper.framework;
			path = Bolts.framework;
			remoteRef = FCC38EB01F7D4E3C0075F418 /* PBXContainerItemProxy */;
			sourceTree = BUILT_PRODUCTS_DIR;
		};
		FCC38EB31F7D4E3C0075F418 /* Bolts.framework */ = {
			isa = PBXReferenceProxy;
			fileType = wrapper.framework;
			path = Bolts.framework;
			remoteRef = FCC38EB21F7D4E3C0075F418 /* PBXContainerItemProxy */;
			sourceTree = BUILT_PRODUCTS_DIR;
		};
		FCC38EB51F7D4E3C0075F418 /* Bolts.framework */ = {
			isa = PBXReferenceProxy;
			fileType = wrapper.framework;
			path = Bolts.framework;
			remoteRef = FCC38EB41F7D4E3C0075F418 /* PBXContainerItemProxy */;
			sourceTree = BUILT_PRODUCTS_DIR;
		};
		FCC38EB71F7D4E3C0075F418 /* Bolts.framework */ = {
			isa = PBXReferenceProxy;
			fileType = wrapper.framework;
			path = Bolts.framework;
			remoteRef = FCC38EB61F7D4E3C0075F418 /* PBXContainerItemProxy */;
			sourceTree = BUILT_PRODUCTS_DIR;
		};
		FCC38EB91F7D4E3C0075F418 /* BoltsTests-iOS.xctest */ = {
			isa = PBXReferenceProxy;
			fileType = wrapper.cfbundle;
			path = "BoltsTests-iOS.xctest";
			remoteRef = FCC38EB81F7D4E3C0075F418 /* PBXContainerItemProxy */;
			sourceTree = BUILT_PRODUCTS_DIR;
		};
		FCC38EBB1F7D4E3C0075F418 /* BoltsTests-OSX.xctest */ = {
			isa = PBXReferenceProxy;
			fileType = wrapper.cfbundle;
			path = "BoltsTests-OSX.xctest";
			remoteRef = FCC38EBA1F7D4E3C0075F418 /* PBXContainerItemProxy */;
			sourceTree = BUILT_PRODUCTS_DIR;
		};
		FCC38EBD1F7D4E3C0075F418 /* BoltsTests-tvOS.xctest */ = {
			isa = PBXReferenceProxy;
			fileType = wrapper.cfbundle;
			path = "BoltsTests-tvOS.xctest";
			remoteRef = FCC38EBC1F7D4E3C0075F418 /* PBXContainerItemProxy */;
			sourceTree = BUILT_PRODUCTS_DIR;
		};
		FCC38EBF1F7D4E3C0075F418 /* BoltsTestUI.app */ = {
			isa = PBXReferenceProxy;
			fileType = wrapper.application;
			path = BoltsTestUI.app;
			remoteRef = FCC38EBE1F7D4E3C0075F418 /* PBXContainerItemProxy */;
			sourceTree = BUILT_PRODUCTS_DIR;
		};
		FCC38EE51F7D4E570075F418 /* FBSDKCoreKit.framework */ = {
			isa = PBXReferenceProxy;
			fileType = wrapper.framework;
			path = FBSDKCoreKit.framework;
			remoteRef = FCC38EE41F7D4E570075F418 /* PBXContainerItemProxy */;
			sourceTree = BUILT_PRODUCTS_DIR;
		};
		FCC38EE71F7D4E570075F418 /* FBSDKCoreKit.framework */ = {
			isa = PBXReferenceProxy;
			fileType = wrapper.framework;
			path = FBSDKCoreKit.framework;
			remoteRef = FCC38EE61F7D4E570075F418 /* PBXContainerItemProxy */;
			sourceTree = BUILT_PRODUCTS_DIR;
		};
		FCC38EE91F7D4E570075F418 /* FBSDKCoreKitTests.xctest */ = {
			isa = PBXReferenceProxy;
			fileType = wrapper.cfbundle;
			path = FBSDKCoreKitTests.xctest;
			remoteRef = FCC38EE81F7D4E570075F418 /* PBXContainerItemProxy */;
			sourceTree = BUILT_PRODUCTS_DIR;
		};
		FCC38EEB1F7D4E570075F418 /* FBSDKCoreKit.framework */ = {
			isa = PBXReferenceProxy;
			fileType = wrapper.framework;
			path = FBSDKCoreKit.framework;
			remoteRef = FCC38EEA1F7D4E570075F418 /* PBXContainerItemProxy */;
			sourceTree = BUILT_PRODUCTS_DIR;
		};
		FCC38EED1F7D4E570075F418 /* FBSDKCoreKit.framework */ = {
			isa = PBXReferenceProxy;
			fileType = wrapper.framework;
			path = FBSDKCoreKit.framework;
			remoteRef = FCC38EEC1F7D4E570075F418 /* PBXContainerItemProxy */;
			sourceTree = BUILT_PRODUCTS_DIR;
		};
		FCC38EF71F7D4E620075F418 /* FBSDKLoginKit.framework */ = {
			isa = PBXReferenceProxy;
			fileType = wrapper.framework;
			path = FBSDKLoginKit.framework;
			remoteRef = FCC38EF61F7D4E620075F418 /* PBXContainerItemProxy */;
			sourceTree = BUILT_PRODUCTS_DIR;
		};
		FCC38EF91F7D4E620075F418 /* FBSDKLoginKit.framework */ = {
			isa = PBXReferenceProxy;
			fileType = wrapper.framework;
			path = FBSDKLoginKit.framework;
			remoteRef = FCC38EF81F7D4E620075F418 /* PBXContainerItemProxy */;
			sourceTree = BUILT_PRODUCTS_DIR;
		};
		FCC38EFB1F7D4E620075F418 /* FBSDKLoginKitTests.xctest */ = {
			isa = PBXReferenceProxy;
			fileType = wrapper.cfbundle;
			path = FBSDKLoginKitTests.xctest;
			remoteRef = FCC38EFA1F7D4E620075F418 /* PBXContainerItemProxy */;
			sourceTree = BUILT_PRODUCTS_DIR;
		};
		FCC38F081F7D4E680075F418 /* FBSDKShareKit.framework */ = {
			isa = PBXReferenceProxy;
			fileType = wrapper.framework;
			path = FBSDKShareKit.framework;
			remoteRef = FCC38F071F7D4E680075F418 /* PBXContainerItemProxy */;
			sourceTree = BUILT_PRODUCTS_DIR;
		};
		FCC38F0A1F7D4E680075F418 /* FBSDKShareKit.framework */ = {
			isa = PBXReferenceProxy;
			fileType = wrapper.framework;
			path = FBSDKShareKit.framework;
			remoteRef = FCC38F091F7D4E680075F418 /* PBXContainerItemProxy */;
			sourceTree = BUILT_PRODUCTS_DIR;
		};
		FCC38F0C1F7D4E680075F418 /* FBSDKShareKitTests.xctest */ = {
			isa = PBXReferenceProxy;
			fileType = wrapper.cfbundle;
			path = FBSDKShareKitTests.xctest;
			remoteRef = FCC38F0B1F7D4E680075F418 /* PBXContainerItemProxy */;
			sourceTree = BUILT_PRODUCTS_DIR;
		};
		FCC38F0E1F7D4E680075F418 /* FBSDKShareKit.framework */ = {
			isa = PBXReferenceProxy;
			fileType = wrapper.framework;
			path = FBSDKShareKit.framework;
			remoteRef = FCC38F0D1F7D4E680075F418 /* PBXContainerItemProxy */;
			sourceTree = BUILT_PRODUCTS_DIR;
		};
		FCC38F101F7D4E680075F418 /* FBSDKShareKit.framework */ = {
			isa = PBXReferenceProxy;
			fileType = wrapper.framework;
			path = FBSDKShareKit.framework;
			remoteRef = FCC38F0F1F7D4E680075F418 /* PBXContainerItemProxy */;
			sourceTree = BUILT_PRODUCTS_DIR;
		};
/* End PBXReferenceProxy section */

/* Begin PBXResourcesBuildPhase section */
		FC59AE8E1F6D71CD002599BD /* Resources */ = {
			isa = PBXResourcesBuildPhase;
			buildActionMask = 2147483647;
			files = (
				FC59AEA01F6D71CD002599BD /* LaunchScreen.storyboard in Resources */,
				FC59AE9D1F6D71CD002599BD /* Assets.xcassets in Resources */,
				FC59AE9B1F6D71CD002599BD /* Main.storyboard in Resources */,
			);
			runOnlyForDeploymentPostprocessing = 0;
		};
/* End PBXResourcesBuildPhase section */

/* Begin PBXSourcesBuildPhase section */
		FC59AE8C1F6D71CD002599BD /* Sources */ = {
			isa = PBXSourcesBuildPhase;
			buildActionMask = 2147483647;
			files = (
				FC59AE981F6D71CD002599BD /* ViewController.m in Sources */,
				FCBE99FC1F6FEC3400142FD2 /* FBLoginCustomViewController.m in Sources */,
				FC59AEA31F6D71CD002599BD /* main.m in Sources */,
				FC7C75661F6E466C0069D999 /* FBLoginViewController.m in Sources */,
				FC7C75691F6E46790069D999 /* FBShareViewController.m in Sources */,
				FC59AE951F6D71CD002599BD /* AppDelegate.m in Sources */,
			);
			runOnlyForDeploymentPostprocessing = 0;
		};
/* End PBXSourcesBuildPhase section */

/* Begin PBXTargetDependency section */
		FCC38F121F7D4E830075F418 /* PBXTargetDependency */ = {
			isa = PBXTargetDependency;
			name = FBSDKShareKit;
			targetProxy = FCC38F111F7D4E830075F418 /* PBXContainerItemProxy */;
		};
		FCC38F141F7D4E860075F418 /* PBXTargetDependency */ = {
			isa = PBXTargetDependency;
			name = FBSDKCoreKit;
			targetProxy = FCC38F131F7D4E860075F418 /* PBXContainerItemProxy */;
		};
		FCC38F161F7D4E8A0075F418 /* PBXTargetDependency */ = {
			isa = PBXTargetDependency;
			name = "Bolts-iOS";
			targetProxy = FCC38F151F7D4E8A0075F418 /* PBXContainerItemProxy */;
		};
		FCC38F181F7D4E8D0075F418 /* PBXTargetDependency */ = {
			isa = PBXTargetDependency;
			name = FBSDKLoginKit;
			targetProxy = FCC38F171F7D4E8D0075F418 /* PBXContainerItemProxy */;
		};
/* End PBXTargetDependency section */

/* Begin PBXVariantGroup section */
		FC59AE991F6D71CD002599BD /* Main.storyboard */ = {
			isa = PBXVariantGroup;
			children = (
				FC59AE9A1F6D71CD002599BD /* Base */,
			);
			name = Main.storyboard;
			sourceTree = "<group>";
		};
		FC59AE9E1F6D71CD002599BD /* LaunchScreen.storyboard */ = {
			isa = PBXVariantGroup;
			children = (
				FC59AE9F1F6D71CD002599BD /* Base */,
			);
			name = LaunchScreen.storyboard;
			sourceTree = "<group>";
		};
/* End PBXVariantGroup section */

/* Begin XCBuildConfiguration section */
		FC59AEA41F6D71CD002599BD /* Debug */ = {
			isa = XCBuildConfiguration;
			buildSettings = {
				ALWAYS_SEARCH_USER_PATHS = NO;
				CLANG_ANALYZER_NONNULL = YES;
				CLANG_ANALYZER_NUMBER_OBJECT_CONVERSION = YES_AGGRESSIVE;
				CLANG_CXX_LANGUAGE_STANDARD = "gnu++14";
				CLANG_CXX_LIBRARY = "libc++";
				CLANG_ENABLE_MODULES = YES;
				CLANG_ENABLE_OBJC_ARC = YES;
				CLANG_WARN_BLOCK_CAPTURE_AUTORELEASING = YES;
				CLANG_WARN_BOOL_CONVERSION = YES;
				CLANG_WARN_COMMA = YES;
				CLANG_WARN_CONSTANT_CONVERSION = YES;
				CLANG_WARN_DIRECT_OBJC_ISA_USAGE = YES_ERROR;
				CLANG_WARN_DOCUMENTATION_COMMENTS = YES;
				CLANG_WARN_EMPTY_BODY = YES;
				CLANG_WARN_ENUM_CONVERSION = YES;
				CLANG_WARN_INFINITE_RECURSION = YES;
				CLANG_WARN_INT_CONVERSION = YES;
				CLANG_WARN_NON_LITERAL_NULL_CONVERSION = YES;
				CLANG_WARN_OBJC_LITERAL_CONVERSION = YES;
				CLANG_WARN_OBJC_ROOT_CLASS = YES_ERROR;
				CLANG_WARN_RANGE_LOOP_ANALYSIS = YES;
				CLANG_WARN_STRICT_PROTOTYPES = YES;
				CLANG_WARN_SUSPICIOUS_MOVE = YES;
				CLANG_WARN_UNGUARDED_AVAILABILITY = YES_AGGRESSIVE;
				CLANG_WARN_UNREACHABLE_CODE = YES;
				CLANG_WARN__DUPLICATE_METHOD_MATCH = YES;
				CODE_SIGN_IDENTITY = "iPhone Developer";
				COPY_PHASE_STRIP = NO;
				DEBUG_INFORMATION_FORMAT = dwarf;
				ENABLE_STRICT_OBJC_MSGSEND = YES;
				ENABLE_TESTABILITY = YES;
				GCC_C_LANGUAGE_STANDARD = gnu11;
				GCC_DYNAMIC_NO_PIC = NO;
				GCC_NO_COMMON_BLOCKS = YES;
				GCC_OPTIMIZATION_LEVEL = 0;
				GCC_PREPROCESSOR_DEFINITIONS = (
					"DEBUG=1",
					"$(inherited)",
				);
				GCC_WARN_64_TO_32_BIT_CONVERSION = YES;
				GCC_WARN_ABOUT_RETURN_TYPE = YES_ERROR;
				GCC_WARN_UNDECLARED_SELECTOR = YES;
				GCC_WARN_UNINITIALIZED_AUTOS = YES_AGGRESSIVE;
				GCC_WARN_UNUSED_FUNCTION = YES;
				GCC_WARN_UNUSED_VARIABLE = YES;
				IPHONEOS_DEPLOYMENT_TARGET = 11.0;
				MTL_ENABLE_DEBUG_INFO = YES;
				ONLY_ACTIVE_ARCH = YES;
				SDKROOT = iphoneos;
			};
			name = Debug;
		};
		FC59AEA51F6D71CD002599BD /* Release */ = {
			isa = XCBuildConfiguration;
			buildSettings = {
				ALWAYS_SEARCH_USER_PATHS = NO;
				CLANG_ANALYZER_NONNULL = YES;
				CLANG_ANALYZER_NUMBER_OBJECT_CONVERSION = YES_AGGRESSIVE;
				CLANG_CXX_LANGUAGE_STANDARD = "gnu++14";
				CLANG_CXX_LIBRARY = "libc++";
				CLANG_ENABLE_MODULES = YES;
				CLANG_ENABLE_OBJC_ARC = YES;
				CLANG_WARN_BLOCK_CAPTURE_AUTORELEASING = YES;
				CLANG_WARN_BOOL_CONVERSION = YES;
				CLANG_WARN_COMMA = YES;
				CLANG_WARN_CONSTANT_CONVERSION = YES;
				CLANG_WARN_DIRECT_OBJC_ISA_USAGE = YES_ERROR;
				CLANG_WARN_DOCUMENTATION_COMMENTS = YES;
				CLANG_WARN_EMPTY_BODY = YES;
				CLANG_WARN_ENUM_CONVERSION = YES;
				CLANG_WARN_INFINITE_RECURSION = YES;
				CLANG_WARN_INT_CONVERSION = YES;
				CLANG_WARN_NON_LITERAL_NULL_CONVERSION = YES;
				CLANG_WARN_OBJC_LITERAL_CONVERSION = YES;
				CLANG_WARN_OBJC_ROOT_CLASS = YES_ERROR;
				CLANG_WARN_RANGE_LOOP_ANALYSIS = YES;
				CLANG_WARN_STRICT_PROTOTYPES = YES;
				CLANG_WARN_SUSPICIOUS_MOVE = YES;
				CLANG_WARN_UNGUARDED_AVAILABILITY = YES_AGGRESSIVE;
				CLANG_WARN_UNREACHABLE_CODE = YES;
				CLANG_WARN__DUPLICATE_METHOD_MATCH = YES;
				CODE_SIGN_IDENTITY = "iPhone Developer";
				COPY_PHASE_STRIP = NO;
				DEBUG_INFORMATION_FORMAT = "dwarf-with-dsym";
				ENABLE_NS_ASSERTIONS = NO;
				ENABLE_STRICT_OBJC_MSGSEND = YES;
				GCC_C_LANGUAGE_STANDARD = gnu11;
				GCC_NO_COMMON_BLOCKS = YES;
				GCC_WARN_64_TO_32_BIT_CONVERSION = YES;
				GCC_WARN_ABOUT_RETURN_TYPE = YES_ERROR;
				GCC_WARN_UNDECLARED_SELECTOR = YES;
				GCC_WARN_UNINITIALIZED_AUTOS = YES_AGGRESSIVE;
				GCC_WARN_UNUSED_FUNCTION = YES;
				GCC_WARN_UNUSED_VARIABLE = YES;
				IPHONEOS_DEPLOYMENT_TARGET = 11.0;
				MTL_ENABLE_DEBUG_INFO = NO;
				SDKROOT = iphoneos;
				VALIDATE_PRODUCT = YES;
			};
			name = Release;
		};
		FC59AEA71F6D71CD002599BD /* Debug */ = {
			isa = XCBuildConfiguration;
			buildSettings = {
				ASSETCATALOG_COMPILER_APPICON_NAME = AppIcon;
				CODE_SIGN_STYLE = Automatic;
				DEVELOPMENT_TEAM = FE546VX675;
				FRAMEWORK_SEARCH_PATHS = (
					"\"$(SRCROOT)/FacebookSDKs-iOS-4\"",
					"$(PROJECT_DIR)/FacebookSDKs-iOS-4",
				);
				INFOPLIST_FILE = facebookSDKSample/Info.plist;
				LD_RUNPATH_SEARCH_PATHS = "$(inherited) @executable_path/Frameworks";
				PRODUCT_BUNDLE_IDENTIFIER = daun.joung.ico.facebookSDKSample;
				PRODUCT_NAME = "$(TARGET_NAME)";
				TARGETED_DEVICE_FAMILY = "1,2";
			};
			name = Debug;
		};
		FC59AEA81F6D71CD002599BD /* Release */ = {
			isa = XCBuildConfiguration;
			buildSettings = {
				ASSETCATALOG_COMPILER_APPICON_NAME = AppIcon;
				CODE_SIGN_STYLE = Automatic;
				DEVELOPMENT_TEAM = FE546VX675;
				FRAMEWORK_SEARCH_PATHS = (
					"\"$(SRCROOT)/FacebookSDKs-iOS-4\"",
					"$(PROJECT_DIR)/FacebookSDKs-iOS-4",
				);
				INFOPLIST_FILE = facebookSDKSample/Info.plist;
				LD_RUNPATH_SEARCH_PATHS = "$(inherited) @executable_path/Frameworks";
				PRODUCT_BUNDLE_IDENTIFIER = daun.joung.ico.facebookSDKSample;
				PRODUCT_NAME = "$(TARGET_NAME)";
				TARGETED_DEVICE_FAMILY = "1,2";
			};
			name = Release;
		};
/* End XCBuildConfiguration section */

/* Begin XCConfigurationList section */
		FC59AE8B1F6D71CD002599BD /* Build configuration list for PBXProject "facebookSDKSample" */ = {
			isa = XCConfigurationList;
			buildConfigurations = (
				FC59AEA41F6D71CD002599BD /* Debug */,
				FC59AEA51F6D71CD002599BD /* Release */,
			);
			defaultConfigurationIsVisible = 0;
			defaultConfigurationName = Release;
		};
		FC59AEA61F6D71CD002599BD /* Build configuration list for PBXNativeTarget "facebookSDKSample" */ = {
			isa = XCConfigurationList;
			buildConfigurations = (
				FC59AEA71F6D71CD002599BD /* Debug */,
				FC59AEA81F6D71CD002599BD /* Release */,
			);
			defaultConfigurationIsVisible = 0;
			defaultConfigurationName = Release;
		};
/* End XCConfigurationList section */
	};
	rootObject = FC59AE881F6D71CD002599BD /* Project object */;
}
